
Microsoft Visual Studio Solution File, Format Version 11.00
# Visual Studio 2010
Project("{FAE04EC0-301F-11D3-BF4B-00C04F79EFBC}") = "SimpleCqrs.VisualStudio.Extensions", "SimpleCqrs.VisualStudio.Extensions\SimpleCqrs.VisualStudio.Extensions.csproj", "{01404D42-9C36-4AFB-BBDD-B31CD3C8E5FC}"
EndProject
Global
	GlobalSection(SolutionConfigurationPlatforms) = preSolution
		Debug|Any CPU = Debug|Any CPU
		Release|Any CPU = Release|Any CPU
	EndGlobalSection
	GlobalSection(ProjectConfigurationPlatforms) = postSolution
		{01404D42-9C36-4AFB-BBDD-B31CD3C8E5FC}.Debug|Any CPU.ActiveCfg = Debug|Any CPU
		{01404D42-9C36-4AFB-BBDD-B31CD3C8E5FC}.Debug|Any CPU.Build.0 = Debug|Any CPU
		{01404D42-9C36-4AFB-BBDD-B31CD3C8E5FC}.Release|Any CPU.ActiveCfg = Release|Any CPU
		{01404D42-9C36-4AFB-BBDD-B31CD3C8E5FC}.Release|Any CPU.Build.0 = Release|Any CPU
	EndGlobalSection
	GlobalSection(SolutionProperties) = preSolution
		HideSolutionNode = FALSE
	EndGlobalSection
EndGlobal
