
Microsoft Visual Studio Solution File, Format Version 11.00
# Visual Studio 2010
Project("{2150E333-8FDC-42A3-9474-1A3956D46DE8}") = "Solution Items", "Solution Items", "{1E6781E7-E597-41A7-884E-3A6865D73DB5}"
	ProjectSection(SolutionItems) = preProject
		CodeCoverage.testrunconfig = CodeCoverage.testrunconfig
		NerdDinner.vsmdi = NerdDinner.vsmdi
	EndProjectSection
EndProject
Project("{FAE04EC0-301F-11D3-BF4B-00C04F79EFBC}") = "NerdDinner", "NerdDinner\NerdDinner.csproj", "{328C148C-DBEE-41A4-B1C7-104CBB216556}"
EndProject
Project("{FAE04EC0-301F-11D3-BF4B-00C04F79EFBC}") = "NerdDinner.Tests", "NerdDinner.Tests\NerdDinner.Tests.csproj", "{DCF277C2-270F-4806-B2F6-8F757713D21A}"
EndProject
Project("{FAE04EC0-301F-11D3-BF4B-00C04F79EFBC}") = "NerdDinner.Commands", "NerdDinner.Commands\NerdDinner.Commands.csproj", "{ABA8CA3F-5074-4B3E-8A82-116188C3560D}"
EndProject
Global
	GlobalSection(TestCaseManagementSettings) = postSolution
		CategoryFile = NerdDinner.vsmdi
	EndGlobalSection
	GlobalSection(SolutionConfigurationPlatforms) = preSolution
		Debug|Any CPU = Debug|Any CPU
		Release|Any CPU = Release|Any CPU
	EndGlobalSection
	GlobalSection(ProjectConfigurationPlatforms) = postSolution
		{328C148C-DBEE-41A4-B1C7-104CBB216556}.Debug|Any CPU.ActiveCfg = Debug|Any CPU
		{328C148C-DBEE-41A4-B1C7-104CBB216556}.Debug|Any CPU.Build.0 = Debug|Any CPU
		{328C148C-DBEE-41A4-B1C7-104CBB216556}.Release|Any CPU.ActiveCfg = Release|Any CPU
		{328C148C-DBEE-41A4-B1C7-104CBB216556}.Release|Any CPU.Build.0 = Release|Any CPU
		{DCF277C2-270F-4806-B2F6-8F757713D21A}.Debug|Any CPU.ActiveCfg = Debug|Any CPU
		{DCF277C2-270F-4806-B2F6-8F757713D21A}.Debug|Any CPU.Build.0 = Debug|Any CPU
		{DCF277C2-270F-4806-B2F6-8F757713D21A}.Release|Any CPU.ActiveCfg = Release|Any CPU
		{DCF277C2-270F-4806-B2F6-8F757713D21A}.Release|Any CPU.Build.0 = Release|Any CPU
		{ABA8CA3F-5074-4B3E-8A82-116188C3560D}.Debug|Any CPU.ActiveCfg = Debug|Any CPU
		{ABA8CA3F-5074-4B3E-8A82-116188C3560D}.Debug|Any CPU.Build.0 = Debug|Any CPU
		{ABA8CA3F-5074-4B3E-8A82-116188C3560D}.Release|Any CPU.ActiveCfg = Release|Any CPU
		{ABA8CA3F-5074-4B3E-8A82-116188C3560D}.Release|Any CPU.Build.0 = Release|Any CPU
	EndGlobalSection
	GlobalSection(SolutionProperties) = preSolution
		HideSolutionNode = FALSE
	EndGlobalSection
EndGlobal
