
Microsoft Visual Studio Solution File, Format Version 11.00
# Visual Studio 2010
Project("{2150E333-8FDC-42A3-9474-1A3956D46DE8}") = "Tests", "Tests", "{BE8A5F95-23AD-4B5D-BA21-004909E80F00}"
EndProject
Project("{2150E333-8FDC-42A3-9474-1A3956D46DE8}") = "Solution Items", "Solution Items", "{EF3C709C-758C-451D-8B6C-4222D1BE8EDF}"
	ProjectSection(SolutionItems) = preProject
		Local.testsettings = Local.testsettings
		Simple CQRS.vsmdi = Simple CQRS.vsmdi
		TraceAndTestImpact.testsettings = TraceAndTestImpact.testsettings
	EndProjectSection
EndProject
Project("{FAE04EC0-301F-11D3-BF4B-00C04F79EFBC}") = "SimpleCqrs.Core", "SimpleCqrs.Core\SimpleCqrs.Core.csproj", "{EC740994-5BB9-40B6-BB1A-614FC5E5D315}"
EndProject
Project("{FAE04EC0-301F-11D3-BF4B-00C04F79EFBC}") = "SimpleCqrs.Core.Tests", "Tests\SimpleCqrs.Core.Tests\SimpleCqrs.Core.Tests.csproj", "{6AEAEE90-CF43-47CE-BD60-9F9519120BC6}"
EndProject
Project("{2150E333-8FDC-42A3-9474-1A3956D46DE8}") = "EventStores", "EventStores", "{77CC485D-D260-45FC-A161-3DDF3A571C41}"
EndProject
Project("{FAE04EC0-301F-11D3-BF4B-00C04F79EFBC}") = "SimpleCqrs.EventStore.MongoDb", "EventStores\SimpleCqrs.EventStore.MongoDb\SimpleCqrs.EventStore.MongoDb.csproj", "{201A4DF5-2217-4202-80E8-E784737366BC}"
EndProject
Project("{2150E333-8FDC-42A3-9474-1A3956D46DE8}") = "EventStores", "EventStores", "{D3DFE07B-B78C-4AF2-A886-002A09D9FAA0}"
EndProject
Project("{FAE04EC0-301F-11D3-BF4B-00C04F79EFBC}") = "SimpleCrqs.EventStore.MongoDb.Tests", "Tests\EventStores\SimpleCrqs.EventStore.MongoDb.Tests\SimpleCrqs.EventStore.MongoDb.Tests.csproj", "{38E51E8F-7008-47EC-AC9F-862A1F377532}"
EndProject
Project("{2150E333-8FDC-42A3-9474-1A3956D46DE8}") = "ServiceLocators", "ServiceLocators", "{0C8AE82D-CACF-44CD-BE4F-222041AC4699}"
EndProject
Project("{FAE04EC0-301F-11D3-BF4B-00C04F79EFBC}") = "SimpleCqrs.Unity", "ServiceLocators\SimpleCqrs.Unity\SimpleCqrs.Unity.csproj", "{00634E6C-A282-404A-B08B-338FD4CA41A9}"
EndProject
Project("{2150E333-8FDC-42A3-9474-1A3956D46DE8}") = "Sample", "Sample", "{94668FE9-46CA-4616-AE00-B53B824CB5B4}"
EndProject
Project("{FAE04EC0-301F-11D3-BF4B-00C04F79EFBC}") = "CommandService", "Sample\CommandService\CommandService.csproj", "{0EC80A78-6EB6-4E97-86CE-CB4C1DCA84FF}"
EndProject
Project("{FAE04EC0-301F-11D3-BF4B-00C04F79EFBC}") = "Commands", "Sample\Commands\Commands.csproj", "{5506E31E-B698-4941-8996-235CCFA61E55}"
EndProject
Project("{FAE04EC0-301F-11D3-BF4B-00C04F79EFBC}") = "SimpleCqrs.Commanding", "SimpleCqrs.Commanding\SimpleCqrs.Commanding.csproj", "{679AE05D-B80E-421D-B259-387D9926E335}"
EndProject
Project("{FAE04EC0-301F-11D3-BF4B-00C04F79EFBC}") = "Web", "Sample\Web\Web.csproj", "{70F813A9-A7E2-41A0-A6C9-F0A1C931DFEA}"
	ProjectSection(ProjectDependencies) = postProject
		{0EC80A78-6EB6-4E97-86CE-CB4C1DCA84FF} = {0EC80A78-6EB6-4E97-86CE-CB4C1DCA84FF}
	EndProjectSection
EndProject
Project("{FAE04EC0-301F-11D3-BF4B-00C04F79EFBC}") = "Events", "Sample\Events\Events.csproj", "{05AA037A-0977-4AC3-935F-118F065C56AC}"
EndProject
Project("{FAE04EC0-301F-11D3-BF4B-00C04F79EFBC}") = "SimpleCqrs.Eventing", "SimpleCqrs.Eventing\SimpleCqrs.Eventing.csproj", "{14B54A00-FE42-420F-AF8F-91C62346FB6E}"
EndProject
Project("{FAE04EC0-301F-11D3-BF4B-00C04F79EFBC}") = "SimpleCqrs.EventStore.File", "EventStores\SimpleCqrs.EventStore.File\SimpleCqrs.EventStore.File.csproj", "{65B52205-E45D-4D6B-8F48-AFBC4406BEE8}"
EndProject
Global
	GlobalSection(TestCaseManagementSettings) = postSolution
		CategoryFile = Simple CQRS.vsmdi
	EndGlobalSection
	GlobalSection(SolutionConfigurationPlatforms) = preSolution
		Debug|Any CPU = Debug|Any CPU
		Release|Any CPU = Release|Any CPU
	EndGlobalSection
	GlobalSection(ProjectConfigurationPlatforms) = postSolution
		{EC740994-5BB9-40B6-BB1A-614FC5E5D315}.Debug|Any CPU.ActiveCfg = Debug|Any CPU
		{EC740994-5BB9-40B6-BB1A-614FC5E5D315}.Debug|Any CPU.Build.0 = Debug|Any CPU
		{EC740994-5BB9-40B6-BB1A-614FC5E5D315}.Release|Any CPU.ActiveCfg = Release|Any CPU
		{EC740994-5BB9-40B6-BB1A-614FC5E5D315}.Release|Any CPU.Build.0 = Release|Any CPU
		{6AEAEE90-CF43-47CE-BD60-9F9519120BC6}.Debug|Any CPU.ActiveCfg = Debug|Any CPU
		{6AEAEE90-CF43-47CE-BD60-9F9519120BC6}.Debug|Any CPU.Build.0 = Debug|Any CPU
		{6AEAEE90-CF43-47CE-BD60-9F9519120BC6}.Release|Any CPU.ActiveCfg = Release|Any CPU
		{6AEAEE90-CF43-47CE-BD60-9F9519120BC6}.Release|Any CPU.Build.0 = Release|Any CPU
		{201A4DF5-2217-4202-80E8-E784737366BC}.Debug|Any CPU.ActiveCfg = Debug|Any CPU
		{201A4DF5-2217-4202-80E8-E784737366BC}.Debug|Any CPU.Build.0 = Debug|Any CPU
		{201A4DF5-2217-4202-80E8-E784737366BC}.Release|Any CPU.ActiveCfg = Release|Any CPU
		{201A4DF5-2217-4202-80E8-E784737366BC}.Release|Any CPU.Build.0 = Release|Any CPU
		{38E51E8F-7008-47EC-AC9F-862A1F377532}.Debug|Any CPU.ActiveCfg = Debug|Any CPU
		{38E51E8F-7008-47EC-AC9F-862A1F377532}.Debug|Any CPU.Build.0 = Debug|Any CPU
		{38E51E8F-7008-47EC-AC9F-862A1F377532}.Release|Any CPU.ActiveCfg = Release|Any CPU
		{38E51E8F-7008-47EC-AC9F-862A1F377532}.Release|Any CPU.Build.0 = Release|Any CPU
		{00634E6C-A282-404A-B08B-338FD4CA41A9}.Debug|Any CPU.ActiveCfg = Debug|Any CPU
		{00634E6C-A282-404A-B08B-338FD4CA41A9}.Debug|Any CPU.Build.0 = Debug|Any CPU
		{00634E6C-A282-404A-B08B-338FD4CA41A9}.Release|Any CPU.ActiveCfg = Release|Any CPU
		{00634E6C-A282-404A-B08B-338FD4CA41A9}.Release|Any CPU.Build.0 = Release|Any CPU
		{0EC80A78-6EB6-4E97-86CE-CB4C1DCA84FF}.Debug|Any CPU.ActiveCfg = Debug|Any CPU
		{0EC80A78-6EB6-4E97-86CE-CB4C1DCA84FF}.Debug|Any CPU.Build.0 = Debug|Any CPU
		{0EC80A78-6EB6-4E97-86CE-CB4C1DCA84FF}.Release|Any CPU.ActiveCfg = Release|Any CPU
		{0EC80A78-6EB6-4E97-86CE-CB4C1DCA84FF}.Release|Any CPU.Build.0 = Release|Any CPU
		{5506E31E-B698-4941-8996-235CCFA61E55}.Debug|Any CPU.ActiveCfg = Debug|Any CPU
		{5506E31E-B698-4941-8996-235CCFA61E55}.Debug|Any CPU.Build.0 = Debug|Any CPU
		{5506E31E-B698-4941-8996-235CCFA61E55}.Release|Any CPU.ActiveCfg = Release|Any CPU
		{5506E31E-B698-4941-8996-235CCFA61E55}.Release|Any CPU.Build.0 = Release|Any CPU
		{679AE05D-B80E-421D-B259-387D9926E335}.Debug|Any CPU.ActiveCfg = Debug|Any CPU
		{679AE05D-B80E-421D-B259-387D9926E335}.Debug|Any CPU.Build.0 = Debug|Any CPU
		{679AE05D-B80E-421D-B259-387D9926E335}.Release|Any CPU.ActiveCfg = Release|Any CPU
		{679AE05D-B80E-421D-B259-387D9926E335}.Release|Any CPU.Build.0 = Release|Any CPU
		{70F813A9-A7E2-41A0-A6C9-F0A1C931DFEA}.Debug|Any CPU.ActiveCfg = Debug|Any CPU
		{70F813A9-A7E2-41A0-A6C9-F0A1C931DFEA}.Debug|Any CPU.Build.0 = Debug|Any CPU
		{70F813A9-A7E2-41A0-A6C9-F0A1C931DFEA}.Release|Any CPU.ActiveCfg = Release|Any CPU
		{70F813A9-A7E2-41A0-A6C9-F0A1C931DFEA}.Release|Any CPU.Build.0 = Release|Any CPU
		{05AA037A-0977-4AC3-935F-118F065C56AC}.Debug|Any CPU.ActiveCfg = Debug|Any CPU
		{05AA037A-0977-4AC3-935F-118F065C56AC}.Debug|Any CPU.Build.0 = Debug|Any CPU
		{05AA037A-0977-4AC3-935F-118F065C56AC}.Release|Any CPU.ActiveCfg = Release|Any CPU
		{05AA037A-0977-4AC3-935F-118F065C56AC}.Release|Any CPU.Build.0 = Release|Any CPU
		{14B54A00-FE42-420F-AF8F-91C62346FB6E}.Debug|Any CPU.ActiveCfg = Debug|Any CPU
		{14B54A00-FE42-420F-AF8F-91C62346FB6E}.Debug|Any CPU.Build.0 = Debug|Any CPU
		{14B54A00-FE42-420F-AF8F-91C62346FB6E}.Release|Any CPU.ActiveCfg = Release|Any CPU
		{14B54A00-FE42-420F-AF8F-91C62346FB6E}.Release|Any CPU.Build.0 = Release|Any CPU
		{65B52205-E45D-4D6B-8F48-AFBC4406BEE8}.Debug|Any CPU.ActiveCfg = Debug|Any CPU
		{65B52205-E45D-4D6B-8F48-AFBC4406BEE8}.Debug|Any CPU.Build.0 = Debug|Any CPU
		{65B52205-E45D-4D6B-8F48-AFBC4406BEE8}.Release|Any CPU.ActiveCfg = Release|Any CPU
		{65B52205-E45D-4D6B-8F48-AFBC4406BEE8}.Release|Any CPU.Build.0 = Release|Any CPU
	EndGlobalSection
	GlobalSection(SolutionProperties) = preSolution
		HideSolutionNode = FALSE
	EndGlobalSection
	GlobalSection(NestedProjects) = preSolution
		{6AEAEE90-CF43-47CE-BD60-9F9519120BC6} = {BE8A5F95-23AD-4B5D-BA21-004909E80F00}
		{D3DFE07B-B78C-4AF2-A886-002A09D9FAA0} = {BE8A5F95-23AD-4B5D-BA21-004909E80F00}
		{201A4DF5-2217-4202-80E8-E784737366BC} = {77CC485D-D260-45FC-A161-3DDF3A571C41}
		{65B52205-E45D-4D6B-8F48-AFBC4406BEE8} = {77CC485D-D260-45FC-A161-3DDF3A571C41}
		{38E51E8F-7008-47EC-AC9F-862A1F377532} = {D3DFE07B-B78C-4AF2-A886-002A09D9FAA0}
		{00634E6C-A282-404A-B08B-338FD4CA41A9} = {0C8AE82D-CACF-44CD-BE4F-222041AC4699}
		{0EC80A78-6EB6-4E97-86CE-CB4C1DCA84FF} = {94668FE9-46CA-4616-AE00-B53B824CB5B4}
		{5506E31E-B698-4941-8996-235CCFA61E55} = {94668FE9-46CA-4616-AE00-B53B824CB5B4}
		{70F813A9-A7E2-41A0-A6C9-F0A1C931DFEA} = {94668FE9-46CA-4616-AE00-B53B824CB5B4}
		{05AA037A-0977-4AC3-935F-118F065C56AC} = {94668FE9-46CA-4616-AE00-B53B824CB5B4}
	EndGlobalSection
EndGlobal
