
Microsoft Visual Studio Solution File, Format Version 11.00
# Visual Studio 2010
Project("{2150E333-8FDC-42A3-9474-1A3956D46DE8}") = "Tests", "Tests", "{BE8A5F95-23AD-4B5D-BA21-004909E80F00}"
EndProject
Project("{2150E333-8FDC-42A3-9474-1A3956D46DE8}") = "Solution Items", "Solution Items", "{EF3C709C-758C-451D-8B6C-4222D1BE8EDF}"
	ProjectSection(SolutionItems) = preProject
		Local.testsettings = Local.testsettings
		Simple CQRS.vsmdi = Simple CQRS.vsmdi
		TraceAndTestImpact.testsettings = TraceAndTestImpact.testsettings
	EndProjectSection
EndProject
Project("{FAE04EC0-301F-11D3-BF4B-00C04F79EFBC}") = "SimpleCqrs.Tests", "Tests\SimpleCqrs.Tests\SimpleCqrs.Tests.csproj", "{6AEAEE90-CF43-47CE-BD60-9F9519120BC6}"
EndProject
Project("{2150E333-8FDC-42A3-9474-1A3956D46DE8}") = "EventStores", "EventStores", "{77CC485D-D260-45FC-A161-3DDF3A571C41}"
EndProject
Project("{FAE04EC0-301F-11D3-BF4B-00C04F79EFBC}") = "SimpleCqrs.EventStore.MongoDb", "EventStores\SimpleCqrs.EventStore.MongoDb\SimpleCqrs.EventStore.MongoDb.csproj", "{201A4DF5-2217-4202-80E8-E784737366BC}"
EndProject
Project("{2150E333-8FDC-42A3-9474-1A3956D46DE8}") = "EventStores", "EventStores", "{D3DFE07B-B78C-4AF2-A886-002A09D9FAA0}"
EndProject
Project("{FAE04EC0-301F-11D3-BF4B-00C04F79EFBC}") = "SimpleCrqs.EventStore.MongoDb.Tests", "Tests\EventStores\SimpleCrqs.EventStore.MongoDb.Tests\SimpleCrqs.EventStore.MongoDb.Tests.csproj", "{38E51E8F-7008-47EC-AC9F-862A1F377532}"
EndProject
Project("{2150E333-8FDC-42A3-9474-1A3956D46DE8}") = "ServiceLocators", "ServiceLocators", "{0C8AE82D-CACF-44CD-BE4F-222041AC4699}"
EndProject
Project("{FAE04EC0-301F-11D3-BF4B-00C04F79EFBC}") = "SimpleCqrs.Unity", "ServiceLocators\SimpleCqrs.Unity\SimpleCqrs.Unity.csproj", "{00634E6C-A282-404A-B08B-338FD4CA41A9}"
EndProject
Project("{FAE04EC0-301F-11D3-BF4B-00C04F79EFBC}") = "SimpleCqrs.EventStore.File", "EventStores\SimpleCqrs.EventStore.File\SimpleCqrs.EventStore.File.csproj", "{65B52205-E45D-4D6B-8F48-AFBC4406BEE8}"
EndProject
Project("{2150E333-8FDC-42A3-9474-1A3956D46DE8}") = "Extensions", "Extensions", "{51C20E77-8726-49E8-9061-161DF28973E7}"
EndProject
Project("{FAE04EC0-301F-11D3-BF4B-00C04F79EFBC}") = "SimpleCqrs.NServiceBus", "Extensions\SimpleCqrs.NServiceBus.Core\SimpleCqrs.NServiceBus.csproj", "{07C2BF77-9646-4C39-BDB2-852B76AA6C75}"
EndProject
Project("{FAE04EC0-301F-11D3-BF4B-00C04F79EFBC}") = "SimpleCqrs", "SimpleCqrs\SimpleCqrs.csproj", "{E04C12B5-A6D3-4D64-9F38-896BEE68162E}"
EndProject
Project("{FAE04EC0-301F-11D3-BF4B-00C04F79EFBC}") = "SimpleCqrs.Utilites", "SimpleCqrs.Utilites\SimpleCqrs.Utilites.csproj", "{266DAB4E-3EAD-46A5-88D5-0D9B6EC73A86}"
EndProject
Global
	GlobalSection(TestCaseManagementSettings) = postSolution
		CategoryFile = Simple CQRS.vsmdi
	EndGlobalSection
	GlobalSection(SolutionConfigurationPlatforms) = preSolution
		Debug|Any CPU = Debug|Any CPU
		Release|Any CPU = Release|Any CPU
	EndGlobalSection
	GlobalSection(ProjectConfigurationPlatforms) = postSolution
		{6AEAEE90-CF43-47CE-BD60-9F9519120BC6}.Debug|Any CPU.ActiveCfg = Debug|Any CPU
		{6AEAEE90-CF43-47CE-BD60-9F9519120BC6}.Debug|Any CPU.Build.0 = Debug|Any CPU
		{6AEAEE90-CF43-47CE-BD60-9F9519120BC6}.Release|Any CPU.ActiveCfg = Release|Any CPU
		{6AEAEE90-CF43-47CE-BD60-9F9519120BC6}.Release|Any CPU.Build.0 = Release|Any CPU
		{201A4DF5-2217-4202-80E8-E784737366BC}.Debug|Any CPU.ActiveCfg = Debug|Any CPU
		{201A4DF5-2217-4202-80E8-E784737366BC}.Debug|Any CPU.Build.0 = Debug|Any CPU
		{201A4DF5-2217-4202-80E8-E784737366BC}.Release|Any CPU.ActiveCfg = Release|Any CPU
		{201A4DF5-2217-4202-80E8-E784737366BC}.Release|Any CPU.Build.0 = Release|Any CPU
		{38E51E8F-7008-47EC-AC9F-862A1F377532}.Debug|Any CPU.ActiveCfg = Debug|Any CPU
		{38E51E8F-7008-47EC-AC9F-862A1F377532}.Debug|Any CPU.Build.0 = Debug|Any CPU
		{38E51E8F-7008-47EC-AC9F-862A1F377532}.Release|Any CPU.ActiveCfg = Release|Any CPU
		{38E51E8F-7008-47EC-AC9F-862A1F377532}.Release|Any CPU.Build.0 = Release|Any CPU
		{00634E6C-A282-404A-B08B-338FD4CA41A9}.Debug|Any CPU.ActiveCfg = Debug|Any CPU
		{00634E6C-A282-404A-B08B-338FD4CA41A9}.Debug|Any CPU.Build.0 = Debug|Any CPU
		{00634E6C-A282-404A-B08B-338FD4CA41A9}.Release|Any CPU.ActiveCfg = Release|Any CPU
		{00634E6C-A282-404A-B08B-338FD4CA41A9}.Release|Any CPU.Build.0 = Release|Any CPU
		{65B52205-E45D-4D6B-8F48-AFBC4406BEE8}.Debug|Any CPU.ActiveCfg = Debug|Any CPU
		{65B52205-E45D-4D6B-8F48-AFBC4406BEE8}.Debug|Any CPU.Build.0 = Debug|Any CPU
		{65B52205-E45D-4D6B-8F48-AFBC4406BEE8}.Release|Any CPU.ActiveCfg = Release|Any CPU
		{65B52205-E45D-4D6B-8F48-AFBC4406BEE8}.Release|Any CPU.Build.0 = Release|Any CPU
		{07C2BF77-9646-4C39-BDB2-852B76AA6C75}.Debug|Any CPU.ActiveCfg = Debug|Any CPU
		{07C2BF77-9646-4C39-BDB2-852B76AA6C75}.Debug|Any CPU.Build.0 = Debug|Any CPU
		{07C2BF77-9646-4C39-BDB2-852B76AA6C75}.Release|Any CPU.ActiveCfg = Release|Any CPU
		{07C2BF77-9646-4C39-BDB2-852B76AA6C75}.Release|Any CPU.Build.0 = Release|Any CPU
		{E04C12B5-A6D3-4D64-9F38-896BEE68162E}.Debug|Any CPU.ActiveCfg = Debug|Any CPU
		{E04C12B5-A6D3-4D64-9F38-896BEE68162E}.Debug|Any CPU.Build.0 = Debug|Any CPU
		{E04C12B5-A6D3-4D64-9F38-896BEE68162E}.Release|Any CPU.ActiveCfg = Release|Any CPU
		{E04C12B5-A6D3-4D64-9F38-896BEE68162E}.Release|Any CPU.Build.0 = Release|Any CPU
		{266DAB4E-3EAD-46A5-88D5-0D9B6EC73A86}.Debug|Any CPU.ActiveCfg = Debug|Any CPU
		{266DAB4E-3EAD-46A5-88D5-0D9B6EC73A86}.Debug|Any CPU.Build.0 = Debug|Any CPU
		{266DAB4E-3EAD-46A5-88D5-0D9B6EC73A86}.Release|Any CPU.ActiveCfg = Release|Any CPU
		{266DAB4E-3EAD-46A5-88D5-0D9B6EC73A86}.Release|Any CPU.Build.0 = Release|Any CPU
	EndGlobalSection
	GlobalSection(SolutionProperties) = preSolution
		HideSolutionNode = FALSE
	EndGlobalSection
	GlobalSection(NestedProjects) = preSolution
		{6AEAEE90-CF43-47CE-BD60-9F9519120BC6} = {BE8A5F95-23AD-4B5D-BA21-004909E80F00}
		{D3DFE07B-B78C-4AF2-A886-002A09D9FAA0} = {BE8A5F95-23AD-4B5D-BA21-004909E80F00}
		{201A4DF5-2217-4202-80E8-E784737366BC} = {77CC485D-D260-45FC-A161-3DDF3A571C41}
		{65B52205-E45D-4D6B-8F48-AFBC4406BEE8} = {77CC485D-D260-45FC-A161-3DDF3A571C41}
		{38E51E8F-7008-47EC-AC9F-862A1F377532} = {D3DFE07B-B78C-4AF2-A886-002A09D9FAA0}
		{00634E6C-A282-404A-B08B-338FD4CA41A9} = {0C8AE82D-CACF-44CD-BE4F-222041AC4699}
		{07C2BF77-9646-4C39-BDB2-852B76AA6C75} = {51C20E77-8726-49E8-9061-161DF28973E7}
	EndGlobalSection
EndGlobal
