
Microsoft Visual Studio Solution File, Format Version 11.00
# Visual Studio 2010
Project("{FAE04EC0-301F-11D3-BF4B-00C04F79EFBC}") = "SimpleCqrs.Domain", "SimpleCqrs.Domain\SimpleCqrs.Domain.csproj", "{300D3EA0-6B55-4ACA-A12B-60A5E2DFDA82}"
EndProject
Project("{FAE04EC0-301F-11D3-BF4B-00C04F79EFBC}") = "SimpleCqrs.Events", "SimpleCqrs.Events\SimpleCqrs.Events.csproj", "{637C74F8-F4E7-4032-B6AF-F23C13E2C55A}"
EndProject
Project("{2150E333-8FDC-42A3-9474-1A3956D46DE8}") = "Tests", "Tests", "{BE8A5F95-23AD-4B5D-BA21-004909E80F00}"
EndProject
Project("{FAE04EC0-301F-11D3-BF4B-00C04F79EFBC}") = "SimpleCqrs.Domain.Tests", "Tests\SimpleCqrs.Domain.Tests\SimpleCqrs.Domain.Tests.csproj", "{042E6156-6D03-4176-930C-917A044DA11C}"
EndProject
Project("{2150E333-8FDC-42A3-9474-1A3956D46DE8}") = "Solution Items", "Solution Items", "{EF3C709C-758C-451D-8B6C-4222D1BE8EDF}"
	ProjectSection(SolutionItems) = preProject
		Local.testsettings = Local.testsettings
		Simple CQRS.vsmdi = Simple CQRS.vsmdi
		TraceAndTestImpact.testsettings = TraceAndTestImpact.testsettings
	EndProjectSection
EndProject
Project("{FAE04EC0-301F-11D3-BF4B-00C04F79EFBC}") = "SimpleCrqs.Events.Tests", "Tests\SimpleCrqs.Events.Tests\SimpleCrqs.Events.Tests.csproj", "{B563CAAF-17D9-4E1E-9B9D-5AB67E7BE5DB}"
EndProject
Project("{FAE04EC0-301F-11D3-BF4B-00C04F79EFBC}") = "SimpleCqrs.Core", "SimpleCqrs.Core\SimpleCqrs.Core.csproj", "{EC740994-5BB9-40B6-BB1A-614FC5E5D315}"
EndProject
Project("{FAE04EC0-301F-11D3-BF4B-00C04F79EFBC}") = "SimpleCqrs.Core.Tests", "Tests\SimpleCqrs.Core.Tests\SimpleCqrs.Core.Tests.csproj", "{6AEAEE90-CF43-47CE-BD60-9F9519120BC6}"
EndProject
Project("{FAE04EC0-301F-11D3-BF4B-00C04F79EFBC}") = "SimpleCqrs.EventStore", "SimpleCqrs.EventStore\SimpleCqrs.EventStore.csproj", "{2E237224-97CE-46E6-A7D3-440493377D75}"
EndProject
Project("{FAE04EC0-301F-11D3-BF4B-00C04F79EFBC}") = "SimpleCqrs.EventStore.Tests", "Tests\SimpleCqrs.EventStore.Tests\SimpleCqrs.EventStore.Tests.csproj", "{7EFF780C-15C9-40C4-97E1-12B2EBEBFA1E}"
EndProject
Project("{FAE04EC0-301F-11D3-BF4B-00C04F79EFBC}") = "SimpleCqrs.Commands", "SimpleCqrs.Commands\SimpleCqrs.Commands.csproj", "{539E864E-117F-49DC-82E8-B490E215A428}"
EndProject
Project("{FAE04EC0-301F-11D3-BF4B-00C04F79EFBC}") = "SimpleCqrs.Commands.Tests", "Tests\SimpleCqrs.Commands.Tests\SimpleCqrs.Commands.Tests.csproj", "{CD5AF951-E088-4798-8482-48B7D27D9EFB}"
EndProject
Global
	GlobalSection(TestCaseManagementSettings) = postSolution
		CategoryFile = Simple CQRS.vsmdi
	EndGlobalSection
	GlobalSection(SolutionConfigurationPlatforms) = preSolution
		Debug|Any CPU = Debug|Any CPU
		Release|Any CPU = Release|Any CPU
	EndGlobalSection
	GlobalSection(ProjectConfigurationPlatforms) = postSolution
		{300D3EA0-6B55-4ACA-A12B-60A5E2DFDA82}.Debug|Any CPU.ActiveCfg = Debug|Any CPU
		{300D3EA0-6B55-4ACA-A12B-60A5E2DFDA82}.Debug|Any CPU.Build.0 = Debug|Any CPU
		{300D3EA0-6B55-4ACA-A12B-60A5E2DFDA82}.Release|Any CPU.ActiveCfg = Release|Any CPU
		{300D3EA0-6B55-4ACA-A12B-60A5E2DFDA82}.Release|Any CPU.Build.0 = Release|Any CPU
		{637C74F8-F4E7-4032-B6AF-F23C13E2C55A}.Debug|Any CPU.ActiveCfg = Debug|Any CPU
		{637C74F8-F4E7-4032-B6AF-F23C13E2C55A}.Debug|Any CPU.Build.0 = Debug|Any CPU
		{637C74F8-F4E7-4032-B6AF-F23C13E2C55A}.Release|Any CPU.ActiveCfg = Release|Any CPU
		{637C74F8-F4E7-4032-B6AF-F23C13E2C55A}.Release|Any CPU.Build.0 = Release|Any CPU
		{042E6156-6D03-4176-930C-917A044DA11C}.Debug|Any CPU.ActiveCfg = Debug|Any CPU
		{042E6156-6D03-4176-930C-917A044DA11C}.Debug|Any CPU.Build.0 = Debug|Any CPU
		{042E6156-6D03-4176-930C-917A044DA11C}.Release|Any CPU.ActiveCfg = Release|Any CPU
		{042E6156-6D03-4176-930C-917A044DA11C}.Release|Any CPU.Build.0 = Release|Any CPU
		{B563CAAF-17D9-4E1E-9B9D-5AB67E7BE5DB}.Debug|Any CPU.ActiveCfg = Debug|Any CPU
		{B563CAAF-17D9-4E1E-9B9D-5AB67E7BE5DB}.Debug|Any CPU.Build.0 = Debug|Any CPU
		{B563CAAF-17D9-4E1E-9B9D-5AB67E7BE5DB}.Release|Any CPU.ActiveCfg = Release|Any CPU
		{B563CAAF-17D9-4E1E-9B9D-5AB67E7BE5DB}.Release|Any CPU.Build.0 = Release|Any CPU
		{EC740994-5BB9-40B6-BB1A-614FC5E5D315}.Debug|Any CPU.ActiveCfg = Debug|Any CPU
		{EC740994-5BB9-40B6-BB1A-614FC5E5D315}.Debug|Any CPU.Build.0 = Debug|Any CPU
		{EC740994-5BB9-40B6-BB1A-614FC5E5D315}.Release|Any CPU.ActiveCfg = Release|Any CPU
		{EC740994-5BB9-40B6-BB1A-614FC5E5D315}.Release|Any CPU.Build.0 = Release|Any CPU
		{6AEAEE90-CF43-47CE-BD60-9F9519120BC6}.Debug|Any CPU.ActiveCfg = Debug|Any CPU
		{6AEAEE90-CF43-47CE-BD60-9F9519120BC6}.Debug|Any CPU.Build.0 = Debug|Any CPU
		{6AEAEE90-CF43-47CE-BD60-9F9519120BC6}.Release|Any CPU.ActiveCfg = Release|Any CPU
		{6AEAEE90-CF43-47CE-BD60-9F9519120BC6}.Release|Any CPU.Build.0 = Release|Any CPU
		{2E237224-97CE-46E6-A7D3-440493377D75}.Debug|Any CPU.ActiveCfg = Debug|Any CPU
		{2E237224-97CE-46E6-A7D3-440493377D75}.Debug|Any CPU.Build.0 = Debug|Any CPU
		{2E237224-97CE-46E6-A7D3-440493377D75}.Release|Any CPU.ActiveCfg = Release|Any CPU
		{2E237224-97CE-46E6-A7D3-440493377D75}.Release|Any CPU.Build.0 = Release|Any CPU
		{7EFF780C-15C9-40C4-97E1-12B2EBEBFA1E}.Debug|Any CPU.ActiveCfg = Debug|Any CPU
		{7EFF780C-15C9-40C4-97E1-12B2EBEBFA1E}.Debug|Any CPU.Build.0 = Debug|Any CPU
		{7EFF780C-15C9-40C4-97E1-12B2EBEBFA1E}.Release|Any CPU.ActiveCfg = Release|Any CPU
		{7EFF780C-15C9-40C4-97E1-12B2EBEBFA1E}.Release|Any CPU.Build.0 = Release|Any CPU
		{539E864E-117F-49DC-82E8-B490E215A428}.Debug|Any CPU.ActiveCfg = Debug|Any CPU
		{539E864E-117F-49DC-82E8-B490E215A428}.Debug|Any CPU.Build.0 = Debug|Any CPU
		{539E864E-117F-49DC-82E8-B490E215A428}.Release|Any CPU.ActiveCfg = Release|Any CPU
		{539E864E-117F-49DC-82E8-B490E215A428}.Release|Any CPU.Build.0 = Release|Any CPU
		{CD5AF951-E088-4798-8482-48B7D27D9EFB}.Debug|Any CPU.ActiveCfg = Debug|Any CPU
		{CD5AF951-E088-4798-8482-48B7D27D9EFB}.Debug|Any CPU.Build.0 = Debug|Any CPU
		{CD5AF951-E088-4798-8482-48B7D27D9EFB}.Release|Any CPU.ActiveCfg = Release|Any CPU
		{CD5AF951-E088-4798-8482-48B7D27D9EFB}.Release|Any CPU.Build.0 = Release|Any CPU
	EndGlobalSection
	GlobalSection(SolutionProperties) = preSolution
		HideSolutionNode = FALSE
	EndGlobalSection
	GlobalSection(NestedProjects) = preSolution
		{042E6156-6D03-4176-930C-917A044DA11C} = {BE8A5F95-23AD-4B5D-BA21-004909E80F00}
		{B563CAAF-17D9-4E1E-9B9D-5AB67E7BE5DB} = {BE8A5F95-23AD-4B5D-BA21-004909E80F00}
		{6AEAEE90-CF43-47CE-BD60-9F9519120BC6} = {BE8A5F95-23AD-4B5D-BA21-004909E80F00}
		{7EFF780C-15C9-40C4-97E1-12B2EBEBFA1E} = {BE8A5F95-23AD-4B5D-BA21-004909E80F00}
		{CD5AF951-E088-4798-8482-48B7D27D9EFB} = {BE8A5F95-23AD-4B5D-BA21-004909E80F00}
	EndGlobalSection
EndGlobal
